{"version":4,"terraform_version":"1.8.6","serial":97,"lineage":"955351e5-2844-928f-75b6-afe38ddd1ba4","outputs":{"dbvm_ip":{"value":"192.168.122.71","type":"string"},"webvm_ip":{"value":"192.168.122.225","type":"string"}},"resources":[{"mode":"managed","type":"libvirt_cloudinit_disk","name":"dbserver-cloudinit","provider":"provider[\"registry.opentofu.org/dmacvicar/libvirt\"]","instances":[{"schema_version":0,"attributes":{"id":"/var/lib/libvirt/images/dbserver-cloudinit.iso;c8999e75-f122-43d8-aa06-59d1190f8d11","meta_data":"","name":"dbserver-cloudinit.iso","network_config":"","pool":"default","user_data":"#cloud-config\n  hostname: dbserver\n  users:\n    - name: db\n      groups: sudo\n      sudo: ALL=(ALL) NOPASSWD:ALL\n      shell: /bin/bash\n      plain_text_passwd: \"db\"\n      lock_passwd: false\n      ssh_authorized_keys:\n        - ssh-rsa AAAAB3NzaC1yc2EAAAADAQABAAACAQCl241IQv00bHlXEZJFc9TgYLmaXgiFTxXeCWKf4vhKBwbK7L8eow3jPD8nbUcWz+Bz5hPPb81lS7hKcGmopcx9UoO/3kQhqzwWaY6wHH6ROOZw4fKokO7o1LYPAthje2Vkweq8Tl6vxWw9N1B29BivzxyIrhECc4N9VAt5BRhaqrN9PvdBlBITaKsLOrubdxtAPID4lcm0joBgHXIXVQNpsU8LkQB+jgiGnHc1ogRcA1BXGPF2hsHe3OLIEYvSa5k1arszzBqwCb0ynMaUEBbVg7mSAA42+62Z53DBluQqNgaUMAwCuCIU6gfoGRyLpolvmdkxiPyFo04NKRUJnn8uRxN2y6x9cGSvLHV1Cta3xbwQWgiyJp60cUFstUhG6401kMA4caHtgLI3dyYw78/7UI6S4fGg8kO/WAx9X1iMTTUyzSwoLpI60/wp5ohRC+tp8GdYzJOEQ+MvVsKmRoT/9D/XTUnVRJiIuvnIg/9Hx9H8T8VBTVbvUX4iqvFD0I8eAPkpJ3oq6BjXSfeTaBrsvf99egOAa9hId5fld1t+I9x+gO+763XLYJrVoSRJHmtINCci28Po5s7uPCFtEP7gQrR+wY77fpdHtAnbnNexTkumCMzC6ico3lryBjnUBud5TNgcPOjJcXPdRNcwd9khDev+iPsDOxMy9L8LTk4PAQ== fanhar30@gmail.com\n\n  runcmd:\n    - apt-get update \u0026\u0026 apt-get install openssh-server -y\n    - systemctl enable ssh\n    - systemctl start ssh\n  network:\n    version: 2\n    ethernets:\n      ens3:\n        dhcp4: false\n        addresses:\n          - 192.168.122.102/24\n        gateway4: 192.168.122.1\n        nameservers:\n          addresses:\n            - 8.8.8.8\n"},"sensitive_attributes":[],"private":"bnVsbA=="}]},{"mode":"managed","type":"libvirt_cloudinit_disk","name":"webserver-cloudinit","provider":"provider[\"registry.opentofu.org/dmacvicar/libvirt\"]","instances":[{"schema_version":0,"attributes":{"id":"/var/lib/libvirt/images/webserver-cloudinit.iso;83c11172-3f8f-4e55-80d4-11a4ad217fd7","meta_data":"","name":"webserver-cloudinit.iso","network_config":"","pool":"default","user_data":"#cloud-config\n  hostname: webserver\n  users:\n    - name: web\n      groups: sudo\n      sudo: ALL=(ALL) NOPASSWD:ALL\n      shell: /bin/bash\n      plain_text_passwd: \"web\"\n      lock_passwd: false\n      ssh_authorized_keys:\n        - ssh-rsa AAAAB3NzaC1yc2EAAAADAQABAAACAQCl241IQv00bHlXEZJFc9TgYLmaXgiFTxXeCWKf4vhKBwbK7L8eow3jPD8nbUcWz+Bz5hPPb81lS7hKcGmopcx9UoO/3kQhqzwWaY6wHH6ROOZw4fKokO7o1LYPAthje2Vkweq8Tl6vxWw9N1B29BivzxyIrhECc4N9VAt5BRhaqrN9PvdBlBITaKsLOrubdxtAPID4lcm0joBgHXIXVQNpsU8LkQB+jgiGnHc1ogRcA1BXGPF2hsHe3OLIEYvSa5k1arszzBqwCb0ynMaUEBbVg7mSAA42+62Z53DBluQqNgaUMAwCuCIU6gfoGRyLpolvmdkxiPyFo04NKRUJnn8uRxN2y6x9cGSvLHV1Cta3xbwQWgiyJp60cUFstUhG6401kMA4caHtgLI3dyYw78/7UI6S4fGg8kO/WAx9X1iMTTUyzSwoLpI60/wp5ohRC+tp8GdYzJOEQ+MvVsKmRoT/9D/XTUnVRJiIuvnIg/9Hx9H8T8VBTVbvUX4iqvFD0I8eAPkpJ3oq6BjXSfeTaBrsvf99egOAa9hId5fld1t+I9x+gO+763XLYJrVoSRJHmtINCci28Po5s7uPCFtEP7gQrR+wY77fpdHtAnbnNexTkumCMzC6ico3lryBjnUBud5TNgcPOjJcXPdRNcwd9khDev+iPsDOxMy9L8LTk4PAQ== fanhar30@gmail.com\n\n  runcmd:\n    - apt-get update \u0026\u0026 apt-get install openssh-server -y\n    - systemctl enable ssh\n    - systemctl start ssh\n  network:\n    version: 2\n    ethernets:\n      ens3:\n        dhcp4: false\n        addresses:\n          - 192.168.122.101/24\n        gateway4: 192.168.122.1\n        nameservers:\n          addresses:\n            - 8.8.8.8\n"},"sensitive_attributes":[],"private":"bnVsbA=="}]},{"mode":"managed","type":"libvirt_domain","name":"dbvm","provider":"provider[\"registry.opentofu.org/dmacvicar/libvirt\"]","instances":[{"schema_version":0,"attributes":{"arch":"x86_64","autostart":null,"boot_device":[],"cloudinit":"/var/lib/libvirt/images/dbserver-cloudinit.iso;c8999e75-f122-43d8-aa06-59d1190f8d11","cmdline":null,"console":[{"source_host":"127.0.0.1","source_path":"","source_service":"0","target_port":"0","target_type":"virtio","type":"pty"}],"coreos_ignition":null,"cpu":[],"description":"","disk":[{"block_device":"","file":"","scsi":false,"url":"","volume_id":"/var/lib/libvirt/images/dbserver-volume.qcow2","wwn":""}],"emulator":"/usr/bin/qemu-system-x86_64","filesystem":[],"firmware":"","fw_cfg_name":"opt/com.coreos/config","graphics":[{"autoport":true,"listen_address":"0.0.0.0","listen_type":"address","type":"vnc","websocket":0}],"id":"ff7e9c9e-454e-430f-bbbe-4ecf18108765","initrd":"","kernel":"","machine":"ubuntu","memory":2048,"metadata":null,"name":"dbvm","network_interface":[{"addresses":["192.168.122.71"],"bridge":"","hostname":"dbserver","mac":"52:54:00:7A:43:5F","macvtap":"","network_id":"acdb87b1-adcd-432c-9058-16bf0577e484","network_name":"default","passthrough":"","vepa":"","wait_for_lease":true}],"nvram":[],"qemu_agent":false,"running":true,"timeouts":null,"tpm":[],"vcpu":2,"video":[],"xml":[]},"sensitive_attributes":[],"private":"eyJlMmJmYjczMC1lY2FhLTExZTYtOGY4OC0zNDM2M2JjN2M0YzAiOnsiY3JlYXRlIjozMDAwMDAwMDAwMDB9fQ==","dependencies":["libvirt_cloudinit_disk.dbserver-cloudinit","libvirt_volume.dbserver-volume","libvirt_volume.image-dbvm"]}]},{"mode":"managed","type":"libvirt_domain","name":"webvm","provider":"provider[\"registry.opentofu.org/dmacvicar/libvirt\"]","instances":[{"schema_version":0,"attributes":{"arch":"x86_64","autostart":null,"boot_device":[],"cloudinit":"/var/lib/libvirt/images/webserver-cloudinit.iso;83c11172-3f8f-4e55-80d4-11a4ad217fd7","cmdline":null,"console":[{"source_host":"127.0.0.1","source_path":"","source_service":"0","target_port":"0","target_type":"virtio","type":"pty"}],"coreos_ignition":null,"cpu":[],"description":"","disk":[{"block_device":"","file":"","scsi":false,"url":"","volume_id":"/var/lib/libvirt/images/webserver-volume.qcow2","wwn":""}],"emulator":"/usr/bin/qemu-system-x86_64","filesystem":[],"firmware":"","fw_cfg_name":"opt/com.coreos/config","graphics":[{"autoport":true,"listen_address":"0.0.0.0","listen_type":"address","type":"vnc","websocket":0}],"id":"fb79aad3-797f-4c5f-a2e2-5ceb34cd68d5","initrd":"","kernel":"","machine":"ubuntu","memory":2048,"metadata":null,"name":"webvm","network_interface":[{"addresses":["192.168.122.225"],"bridge":"","hostname":"webserver","mac":"52:54:00:46:2B:A5","macvtap":"","network_id":"acdb87b1-adcd-432c-9058-16bf0577e484","network_name":"default","passthrough":"","vepa":"","wait_for_lease":true}],"nvram":[],"qemu_agent":false,"running":true,"timeouts":null,"tpm":[],"vcpu":2,"video":[],"xml":[]},"sensitive_attributes":[],"private":"eyJlMmJmYjczMC1lY2FhLTExZTYtOGY4OC0zNDM2M2JjN2M0YzAiOnsiY3JlYXRlIjozMDAwMDAwMDAwMDB9fQ==","dependencies":["libvirt_cloudinit_disk.webserver-cloudinit","libvirt_volume.image-webvm","libvirt_volume.webserver-volume"]}]},{"mode":"managed","type":"libvirt_volume","name":"dbserver-volume","provider":"provider[\"registry.opentofu.org/dmacvicar/libvirt\"]","instances":[{"schema_version":0,"attributes":{"base_volume_id":null,"base_volume_name":"image-dbvm.qcow2","base_volume_pool":"default","format":"qcow2","id":"/var/lib/libvirt/images/dbserver-volume.qcow2","name":"dbserver-volume.qcow2","pool":"default","size":13098811392,"source":null,"xml":[]},"sensitive_attributes":[],"private":"bnVsbA==","dependencies":["libvirt_volume.image-dbvm"]}]},{"mode":"managed","type":"libvirt_volume","name":"image-dbvm","provider":"provider[\"registry.opentofu.org/dmacvicar/libvirt\"]","instances":[{"schema_version":0,"attributes":{"base_volume_id":null,"base_volume_name":null,"base_volume_pool":null,"format":"qcow2","id":"/var/lib/libvirt/images/image-dbvm.qcow2","name":"image-dbvm.qcow2","pool":"default","size":13098811392,"source":"./images/focal-server-cloudimg-amd64.img","xml":[]},"sensitive_attributes":[],"private":"bnVsbA=="}]},{"mode":"managed","type":"libvirt_volume","name":"image-webvm","provider":"provider[\"registry.opentofu.org/dmacvicar/libvirt\"]","instances":[{"schema_version":0,"attributes":{"base_volume_id":null,"base_volume_name":null,"base_volume_pool":null,"format":"qcow2","id":"/var/lib/libvirt/images/image-webvm.qcow2","name":"image-webvm.qcow2","pool":"default","size":13098811392,"source":"./images/focal-server-cloudimg-amd64.img","xml":[]},"sensitive_attributes":[],"private":"bnVsbA=="}]},{"mode":"managed","type":"libvirt_volume","name":"webserver-volume","provider":"provider[\"registry.opentofu.org/dmacvicar/libvirt\"]","instances":[{"schema_version":0,"attributes":{"base_volume_id":null,"base_volume_name":"image-webvm.qcow2","base_volume_pool":"default","format":"qcow2","id":"/var/lib/libvirt/images/webserver-volume.qcow2","name":"webserver-volume.qcow2","pool":"default","size":13098811392,"source":null,"xml":[]},"sensitive_attributes":[],"private":"bnVsbA==","dependencies":["libvirt_volume.image-webvm"]}]},{"mode":"managed","type":"null_resource","name":"download_image","provider":"provider[\"registry.opentofu.org/hashicorp/null\"]","instances":[{"schema_version":0,"attributes":{"id":"3636096603930999757","triggers":null},"sensitive_attributes":[]}]}],"check_results":null}
